PODS:
  - AWPagedArray (0.2.0)
  - HexColors (2.2.1)
  - INTULocationManager (1.2.0)
  - Mixpanel (2.6.2):
    - Mixpanel/MPCategoryHelpers (= 2.6.2)
  - Mixpanel/MPCategoryHelpers (2.6.2)
  - SDWebImage (3.7.1):
    - SDWebImage/Core (= 3.7.1)
  - SDWebImage/Core (3.7.1)
  - SVPullToRefresh (0.4.1)
  - TSMessages (0.9.11):
    - HexColors

DEPENDENCIES:
  - AWPagedArray
  - INTULocationManager
  - Mixpanel (~> 2.6)
  - SDWebImage
  - SVPullToRefresh
  - TSMessages

SPEC CHECKSUMS:
  AWPagedArray: 2c02ef1c4be38174c40b8160492e4283352dc5b0
  HexColors: 01384d2bbe8dc4ffa43c3b4135db6e976952d153
  INTULocationManager: 596c57e35a00ca1ee9d59bf4cc2b63dc299b580e
  Mixpanel: c075cedebda3328ce1ee29a18429e265ce967cd8
  SDWebImage: 116e88633b5b416ea0ca4b334a4ac59cf72dd38d
  SVPullToRefresh: d5161ebc833a38b465364412e5e307ca80bbb190
  TSMessages: e21ef5b1c7518cc590a4826c8b05b16b79b10c2c

COCOAPODS: 0.35.0
