// !$*UTF8*$!
{
	archiveVersion = 1;
	classes = {
	};
	objectVersion = 46;
	objects = {

/* Begin PBXBuildFile section */
		032EB0011A23BF5A007774EF /* main.m in Sources */ = {isa = PBXBuildFile; fileRef = 032EB0001A23BF5A007774EF /* main.m */; };
		032EB0041A23BF5A007774EF /* AppDelegate.m in Sources */ = {isa = PBXBuildFile; fileRef = 032EB0031A23BF5A007774EF /* AppDelegate.m */; };
		032EB0071A23BF5A007774EF /* ViewController.m in Sources */ = {isa = PBXBuildFile; fileRef = 032EB0061A23BF5A007774EF /* ViewController.m */; };
		032EB00A1A23BF5A007774EF /* Main.storyboard in Resources */ = {isa = PBXBuildFile; fileRef = 032EB0081A23BF5A007774EF /* Main.storyboard */; };
		032EB01B1A23BF5A007774EF /* Public_ArtTests.m in Sources */ = {isa = PBXBuildFile; fileRef = 032EB01A1A23BF5A007774EF /* Public_ArtTests.m */; };
		032EB0251A23C0B5007774EF /* Launch Screen.xib in Resources */ = {isa = PBXBuildFile; fileRef = 032EB0241A23C0B5007774EF /* Launch Screen.xib */; };
		032EB02A1A23C0D6007774EF /* NearbyGraffitiCell.m in Sources */ = {isa = PBXBuildFile; fileRef = 032EB0281A23C0D6007774EF /* NearbyGraffitiCell.m */; };
		032EB02B1A23C0D6007774EF /* NearbyGraffitiCell.xib in Resources */ = {isa = PBXBuildFile; fileRef = 032EB0291A23C0D6007774EF /* NearbyGraffitiCell.xib */; };
		032EB0311A23C0FC007774EF /* NearbyListViewController.m in Sources */ = {isa = PBXBuildFile; fileRef = 032EB02E1A23C0FC007774EF /* NearbyListViewController.m */; };
		032EB0321A23C0FC007774EF /* NearbyListWebViewController.m in Sources */ = {isa = PBXBuildFile; fileRef = 032EB0301A23C0FC007774EF /* NearbyListWebViewController.m */; };
		032EB0361A23C114007774EF /* RKSwipeBetweenViewControllers.m in Sources */ = {isa = PBXBuildFile; fileRef = 032EB0351A23C114007774EF /* RKSwipeBetweenViewControllers.m */; };
		032EB03B1A23C1C0007774EF /* LocationSettingsViewController.m in Sources */ = {isa = PBXBuildFile; fileRef = 032EB0391A23C1C0007774EF /* LocationSettingsViewController.m */; };
		032EB03C1A23C1C0007774EF /* LocationSettingsViewController.xib in Resources */ = {isa = PBXBuildFile; fileRef = 032EB03A1A23C1C0007774EF /* LocationSettingsViewController.xib */; };
		032EB0401A23C554007774EF /* Images.xcassets in Resources */ = {isa = PBXBuildFile; fileRef = 032EB03F1A23C554007774EF /* Images.xcassets */; };
		09E794B1741126CA0F64AEB0 /* libPods-Public Art.a in Frameworks */ = {isa = PBXBuildFile; fileRef = B3ABA01845CFF2E645A5A972 /* libPods-Public Art.a */; };
/* End PBXBuildFile section */

/* Begin PBXContainerItemProxy section */
		032EB0151A23BF5A007774EF /* PBXContainerItemProxy */ = {
			isa = PBXContainerItemProxy;
			containerPortal = 032EAFF31A23BF5A007774EF /* Project object */;
			proxyType = 1;
			remoteGlobalIDString = 032EAFFA1A23BF5A007774EF;
			remoteInfo = "Public Art";
		};
/* End PBXContainerItemProxy section */

/* Begin PBXFileReference section */
		032EAFFB1A23BF5A007774EF /* Public Art.app */ = {isa = PBXFileReference; explicitFileType = wrapper.application; includeInIndex = 0; path = "Public Art.app"; sourceTree = BUILT_PRODUCTS_DIR; };
		032EAFFF1A23BF5A007774EF /* Info.plist */ = {isa = PBXFileReference; lastKnownFileType = text.plist.xml; path = Info.plist; sourceTree = "<group>"; };
		032EB0001A23BF5A007774EF /* main.m */ = {isa = PBXFileReference; lastKnownFileType = sourcecode.c.objc; path = main.m; sourceTree = "<group>"; };
		032EB0021A23BF5A007774EF /* AppDelegate.h */ = {isa = PBXFileReference; lastKnownFileType = sourcecode.c.h; path = AppDelegate.h; sourceTree = "<group>"; };
		032EB0031A23BF5A007774EF /* AppDelegate.m */ = {isa = PBXFileReference; lastKnownFileType = sourcecode.c.objc; path = AppDelegate.m; sourceTree = "<group>"; };
		032EB0051A23BF5A007774EF /* ViewController.h */ = {isa = PBXFileReference; lastKnownFileType = sourcecode.c.h; path = ViewController.h; sourceTree = "<group>"; };
		032EB0061A23BF5A007774EF /* ViewController.m */ = {isa = PBXFileReference; lastKnownFileType = sourcecode.c.objc; path = ViewController.m; sourceTree = "<group>"; };
		032EB0091A23BF5A007774EF /* Base */ = {isa = PBXFileReference; lastKnownFileType = file.storyboard; name = Base; path = Base.lproj/Main.storyboard; sourceTree = "<group>"; };
		032EB0141A23BF5A007774EF /* Public ArtTests.xctest */ = {isa = PBXFileReference; explicitFileType = wrapper.cfbundle; includeInIndex = 0; path = "Public ArtTests.xctest"; sourceTree = BUILT_PRODUCTS_DIR; };
		032EB0191A23BF5A007774EF /* Info.plist */ = {isa = PBXFileReference; lastKnownFileType = text.plist.xml; path = Info.plist; sourceTree = "<group>"; };
		032EB01A1A23BF5A007774EF /* Public_ArtTests.m */ = {isa = PBXFileReference; lastKnownFileType = sourcecode.c.objc; path = Public_ArtTests.m; sourceTree = "<group>"; };
		032EB0241A23C0B5007774EF /* Launch Screen.xib */ = {isa = PBXFileReference; fileEncoding = 4; lastKnownFileType = file.xib; path = "Launch Screen.xib"; sourceTree = "<group>"; };
		032EB0271A23C0D6007774EF /* NearbyGraffitiCell.h */ = {isa = PBXFileReference; fileEncoding = 4; lastKnownFileType = sourcecode.c.h; path = NearbyGraffitiCell.h; sourceTree = "<group>"; };
		032EB0281A23C0D6007774EF /* NearbyGraffitiCell.m */ = {isa = PBXFileReference; fileEncoding = 4; lastKnownFileType = sourcecode.c.objc; path = NearbyGraffitiCell.m; sourceTree = "<group>"; };
		032EB0291A23C0D6007774EF /* NearbyGraffitiCell.xib */ = {isa = PBXFileReference; fileEncoding = 4; lastKnownFileType = file.xib; path = NearbyGraffitiCell.xib; sourceTree = "<group>"; };
		032EB02D1A23C0FC007774EF /* NearbyListViewController.h */ = {isa = PBXFileReference; fileEncoding = 4; lastKnownFileType = sourcecode.c.h; path = NearbyListViewController.h; sourceTree = "<group>"; };
		032EB02E1A23C0FC007774EF /* NearbyListViewController.m */ = {isa = PBXFileReference; fileEncoding = 4; lastKnownFileType = sourcecode.c.objc; path = NearbyListViewController.m; sourceTree = "<group>"; };
		032EB02F1A23C0FC007774EF /* NearbyListWebViewController.h */ = {isa = PBXFileReference; fileEncoding = 4; lastKnownFileType = sourcecode.c.h; path = NearbyListWebViewController.h; sourceTree = "<group>"; };
		032EB0301A23C0FC007774EF /* NearbyListWebViewController.m */ = {isa = PBXFileReference; fileEncoding = 4; lastKnownFileType = sourcecode.c.objc; path = NearbyListWebViewController.m; sourceTree = "<group>"; };
		032EB0341A23C114007774EF /* RKSwipeBetweenViewControllers.h */ = {isa = PBXFileReference; fileEncoding = 4; lastKnownFileType = sourcecode.c.h; path = RKSwipeBetweenViewControllers.h; sourceTree = "<group>"; };
		032EB0351A23C114007774EF /* RKSwipeBetweenViewControllers.m */ = {isa = PBXFileReference; fileEncoding = 4; lastKnownFileType = sourcecode.c.objc; path = RKSwipeBetweenViewControllers.m; sourceTree = "<group>"; };
		032EB0381A23C1C0007774EF /* LocationSettingsViewController.h */ = {isa = PBXFileReference; fileEncoding = 4; lastKnownFileType = sourcecode.c.h; path = LocationSettingsViewController.h; sourceTree = "<group>"; };
		032EB0391A23C1C0007774EF /* LocationSettingsViewController.m */ = {isa = PBXFileReference; fileEncoding = 4; lastKnownFileType = sourcecode.c.objc; path = LocationSettingsViewController.m; sourceTree = "<group>"; };
		032EB03A1A23C1C0007774EF /* LocationSettingsViewController.xib */ = {isa = PBXFileReference; fileEncoding = 4; lastKnownFileType = file.xib; path = LocationSettingsViewController.xib; sourceTree = "<group>"; };
		032EB03F1A23C554007774EF /* Images.xcassets */ = {isa = PBXFileReference; lastKnownFileType = folder.assetcatalog; path = Images.xcassets; sourceTree = "<group>"; };
		09A0DD42C65CAFA59517B495 /* Pods-Public Art.release.xcconfig */ = {isa = PBXFileReference; includeInIndex = 1; lastKnownFileType = text.xcconfig; name = "Pods-Public Art.release.xcconfig"; path = "Pods/Target Support Files/Pods-Public Art/Pods-Public Art.release.xcconfig"; sourceTree = "<group>"; };
		30B9E65CF14D0CE1F0039627 /* Pods-Public Art.debug.xcconfig */ = {isa = PBXFileReference; includeInIndex = 1; lastKnownFileType = text.xcconfig; name = "Pods-Public Art.debug.xcconfig"; path = "Pods/Target Support Files/Pods-Public Art/Pods-Public Art.debug.xcconfig"; sourceTree = "<group>"; };
		B3ABA01845CFF2E645A5A972 /* libPods-Public Art.a */ = {isa = PBXFileReference; explicitFileType = archive.ar; includeInIndex = 0; path = "libPods-Public Art.a"; sourceTree = BUILT_PRODUCTS_DIR; };
/* End PBXFileReference section */

/* Begin PBXFrameworksBuildPhase section */
		032EAFF81A23BF5A007774EF /* Frameworks */ = {
			isa = PBXFrameworksBuildPhase;
			buildActionMask = 2147483647;
			files = (
				09E794B1741126CA0F64AEB0 /* libPods-Public Art.a in Frameworks */,
			);
			runOnlyForDeploymentPostprocessing = 0;
		};
		032EB0111A23BF5A007774EF /* Frameworks */ = {
			isa = PBXFrameworksBuildPhase;
			buildActionMask = 2147483647;
			files = (
			);
			runOnlyForDeploymentPostprocessing = 0;
		};
/* End PBXFrameworksBuildPhase section */

/* Begin PBXGroup section */
		032EAFF21A23BF5A007774EF = {
			isa = PBXGroup;
			children = (
				032EAFFD1A23BF5A007774EF /* Public Art */,
				032EB0171A23BF5A007774EF /* Public ArtTests */,
				032EAFFC1A23BF5A007774EF /* Products */,
				6D16FDE17754B3A5B7CA4B6F /* Pods */,
				FA0707432D7AC24C524B30AF /* Frameworks */,
			);
			sourceTree = "<group>";
		};
		032EAFFC1A23BF5A007774EF /* Products */ = {
			isa = PBXGroup;
			children = (
				032EAFFB1A23BF5A007774EF /* Public Art.app */,
				032EB0141A23BF5A007774EF /* Public ArtTests.xctest */,
			);
			name = Products;
			sourceTree = "<group>";
		};
		032EAFFD1A23BF5A007774EF /* Public Art */ = {
			isa = PBXGroup;
			children = (
				032EB0371A23C1B2007774EF /* LocationSetting */,
				032EB0331A23C108007774EF /* RKSwipe */,
				032EB02C1A23C0E5007774EF /* NearbyListView */,
				032EB0261A23C0BC007774EF /* NearbyListCell */,
				032EB0021A23BF5A007774EF /* AppDelegate.h */,
				032EB0031A23BF5A007774EF /* AppDelegate.m */,
				032EB0051A23BF5A007774EF /* ViewController.h */,
				032EB0061A23BF5A007774EF /* ViewController.m */,
				032EB0081A23BF5A007774EF /* Main.storyboard */,
				032EB0241A23C0B5007774EF /* Launch Screen.xib */,
				032EB03F1A23C554007774EF /* Images.xcassets */,
				032EAFFE1A23BF5A007774EF /* Supporting Files */,
			);
			path = "Public Art";
			sourceTree = "<group>";
		};
		032EAFFE1A23BF5A007774EF /* Supporting Files */ = {
			isa = PBXGroup;
			children = (
				032EAFFF1A23BF5A007774EF /* Info.plist */,
				032EB0001A23BF5A007774EF /* main.m */,
			);
			name = "Supporting Files";
			sourceTree = "<group>";
		};
		032EB0171A23BF5A007774EF /* Public ArtTests */ = {
			isa = PBXGroup;
			children = (
				032EB01A1A23BF5A007774EF /* Public_ArtTests.m */,
				032EB0181A23BF5A007774EF /* Supporting Files */,
			);
			path = "Public ArtTests";
			sourceTree = "<group>";
		};
		032EB0181A23BF5A007774EF /* Supporting Files */ = {
			isa = PBXGroup;
			children = (
				032EB0191A23BF5A007774EF /* Info.plist */,
			);
			name = "Supporting Files";
			sourceTree = "<group>";
		};
		032EB0261A23C0BC007774EF /* NearbyListCell */ = {
			isa = PBXGroup;
			children = (
				032EB0271A23C0D6007774EF /* NearbyGraffitiCell.h */,
				032EB0281A23C0D6007774EF /* NearbyGraffitiCell.m */,
				032EB0291A23C0D6007774EF /* NearbyGraffitiCell.xib */,
			);
			name = NearbyListCell;
			sourceTree = "<group>";
		};
		032EB02C1A23C0E5007774EF /* NearbyListView */ = {
			isa = PBXGroup;
			children = (
				032EB02D1A23C0FC007774EF /* NearbyListViewController.h */,
				032EB02E1A23C0FC007774EF /* NearbyListViewController.m */,
				032EB02F1A23C0FC007774EF /* NearbyListWebViewController.h */,
				032EB0301A23C0FC007774EF /* NearbyListWebViewController.m */,
			);
			name = NearbyListView;
			sourceTree = "<group>";
		};
		032EB0331A23C108007774EF /* RKSwipe */ = {
			isa = PBXGroup;
			children = (
				032EB0341A23C114007774EF /* RKSwipeBetweenViewControllers.h */,
				032EB0351A23C114007774EF /* RKSwipeBetweenViewControllers.m */,
			);
			name = RKSwipe;
			sourceTree = "<group>";
		};
		032EB0371A23C1B2007774EF /* LocationSetting */ = {
			isa = PBXGroup;
			children = (
				032EB0381A23C1C0007774EF /* LocationSettingsViewController.h */,
				032EB0391A23C1C0007774EF /* LocationSettingsViewController.m */,
				032EB03A1A23C1C0007774EF /* LocationSettingsViewController.xib */,
			);
			name = LocationSetting;
			sourceTree = "<group>";
		};
		6D16FDE17754B3A5B7CA4B6F /* Pods */ = {
			isa = PBXGroup;
			children = (
				30B9E65CF14D0CE1F0039627 /* Pods-Public Art.debug.xcconfig */,
				09A0DD42C65CAFA59517B495 /* Pods-Public Art.release.xcconfig */,
			);
			name = Pods;
			sourceTree = "<group>";
		};
		FA0707432D7AC24C524B30AF /* Frameworks */ = {
			isa = PBXGroup;
			children = (
				B3ABA01845CFF2E645A5A972 /* libPods-Public Art.a */,
			);
			name = Frameworks;
			sourceTree = "<group>";
		};
/* End PBXGroup section */

/* Begin PBXNativeTarget section */
		032EAFFA1A23BF5A007774EF /* Public Art */ = {
			isa = PBXNativeTarget;
			buildConfigurationList = 032EB01E1A23BF5A007774EF /* Build configuration list for PBXNativeTarget "Public Art" */;
			buildPhases = (
				64450C72E68E8FF4A0EEB0C0 /* Check Pods Manifest.lock */,
				032EAFF71A23BF5A007774EF /* Sources */,
				032EAFF81A23BF5A007774EF /* Frameworks */,
				032EAFF91A23BF5A007774EF /* Resources */,
				3E58AF89C79738DE268A06DD /* Copy Pods Resources */,
			);
			buildRules = (
			);
			dependencies = (
			);
			name = "Public Art";
			productName = "Public Art";
			productReference = 032EAFFB1A23BF5A007774EF /* Public Art.app */;
			productType = "com.apple.product-type.application";
		};
		032EB0131A23BF5A007774EF /* Public ArtTests */ = {
			isa = PBXNativeTarget;
			buildConfigurationList = 032EB0211A23BF5A007774EF /* Build configuration list for PBXNativeTarget "Public ArtTests" */;
			buildPhases = (
				032EB0101A23BF5A007774EF /* Sources */,
				032EB0111A23BF5A007774EF /* Frameworks */,
				032EB0121A23BF5A007774EF /* Resources */,
			);
			buildRules = (
			);
			dependencies = (
				032EB0161A23BF5A007774EF /* PBXTargetDependency */,
			);
			name = "Public ArtTests";
			productName = "Public ArtTests";
			productReference = 032EB0141A23BF5A007774EF /* Public ArtTests.xctest */;
			productType = "com.apple.product-type.bundle.unit-test";
		};
/* End PBXNativeTarget section */

/* Begin PBXProject section */
		032EAFF31A23BF5A007774EF /* Project object */ = {
			isa = PBXProject;
			attributes = {
				LastUpgradeCheck = 0610;
				ORGANIZATIONNAME = "New Public Art Foundation";
				TargetAttributes = {
					032EAFFA1A23BF5A007774EF = {
						CreatedOnToolsVersion = 6.1;
					};
					032EB0131A23BF5A007774EF = {
						CreatedOnToolsVersion = 6.1;
						TestTargetID = 032EAFFA1A23BF5A007774EF;
					};
				};
			};
			buildConfigurationList = 032EAFF61A23BF5A007774EF /* Build configuration list for PBXProject "Public Art" */;
			compatibilityVersion = "Xcode 3.2";
			developmentRegion = English;
			hasScannedForEncodings = 0;
			knownRegions = (
				en,
				Base,
			);
			mainGroup = 032EAFF21A23BF5A007774EF;
			productRefGroup = 032EAFFC1A23BF5A007774EF /* Products */;
			projectDirPath = "";
			projectRoot = "";
			targets = (
				032EAFFA1A23BF5A007774EF /* Public Art */,
				032EB0131A23BF5A007774EF /* Public ArtTests */,
			);
		};
/* End PBXProject section */

/* Begin PBXResourcesBuildPhase section */
		032EAFF91A23BF5A007774EF /* Resources */ = {
			isa = PBXResourcesBuildPhase;
			buildActionMask = 2147483647;
			files = (
				032EB02B1A23C0D6007774EF /* NearbyGraffitiCell.xib in Resources */,
				032EB0401A23C554007774EF /* Images.xcassets in Resources */,
				032EB03C1A23C1C0007774EF /* LocationSettingsViewController.xib in Resources */,
				032EB00A1A23BF5A007774EF /* Main.storyboard in Resources */,
				032EB0251A23C0B5007774EF /* Launch Screen.xib in Resources */,
			);
			runOnlyForDeploymentPostprocessing = 0;
		};
		032EB0121A23BF5A007774EF /* Resources */ = {
			isa = PBXResourcesBuildPhase;
			buildActionMask = 2147483647;
			files = (
			);
			runOnlyForDeploymentPostprocessing = 0;
		};
/* End PBXResourcesBuildPhase section */

/* Begin PBXShellScriptBuildPhase section */
		3E58AF89C79738DE268A06DD /* Copy Pods Resources */ = {
			isa = PBXShellScriptBuildPhase;
			buildActionMask = 2147483647;
			files = (
			);
			inputPaths = (
			);
			name = "Copy Pods Resources";
			outputPaths = (
			);
			runOnlyForDeploymentPostprocessing = 0;
			shellPath = /bin/sh;
			shellScript = "\"${SRCROOT}/Pods/Target Support Files/Pods-Public Art/Pods-Public Art-resources.sh\"\n";
			showEnvVarsInLog = 0;
		};
		64450C72E68E8FF4A0EEB0C0 /* Check Pods Manifest.lock */ = {
			isa = PBXShellScriptBuildPhase;
			buildActionMask = 2147483647;
			files = (
			);
			inputPaths = (
			);
			name = "Check Pods Manifest.lock";
			outputPaths = (
			);
			runOnlyForDeploymentPostprocessing = 0;
			shellPath = /bin/sh;
			shellScript = "diff \"${PODS_ROOT}/../Podfile.lock\" \"${PODS_ROOT}/Manifest.lock\" > /dev/null\nif [[ $? != 0 ]] ; then\n    cat << EOM\nerror: The sandbox is not in sync with the Podfile.lock. Run 'pod install' or update your CocoaPods installation.\nEOM\n    exit 1\nfi\n";
			showEnvVarsInLog = 0;
		};
/* End PBXShellScriptBuildPhase section */

/* Begin PBXSourcesBuildPhase section */
		032EAFF71A23BF5A007774EF /* Sources */ = {
			isa = PBXSourcesBuildPhase;
			buildActionMask = 2147483647;
			files = (
				032EB03B1A23C1C0007774EF /* LocationSettingsViewController.m in Sources */,
				032EB02A1A23C0D6007774EF /* NearbyGraffitiCell.m in Sources */,
				032EB0071A23BF5A007774EF /* ViewController.m in Sources */,
				032EB0041A23BF5A007774EF /* AppDelegate.m in Sources */,
				032EB0011A23BF5A007774EF /* main.m in Sources */,
				032EB0321A23C0FC007774EF /* NearbyListWebViewController.m in Sources */,
				032EB0311A23C0FC007774EF /* NearbyListViewController.m in Sources */,
				032EB0361A23C114007774EF /* RKSwipeBetweenViewControllers.m in Sources */,
			);
			runOnlyForDeploymentPostprocessing = 0;
		};
		032EB0101A23BF5A007774EF /* Sources */ = {
			isa = PBXSourcesBuildPhase;
			buildActionMask = 2147483647;
			files = (
				032EB01B1A23BF5A007774EF /* Public_ArtTests.m in Sources */,
			);
			runOnlyForDeploymentPostprocessing = 0;
		};
/* End PBXSourcesBuildPhase section */

/* Begin PBXTargetDependency section */
		032EB0161A23BF5A007774EF /* PBXTargetDependency */ = {
			isa = PBXTargetDependency;
			target = 032EAFFA1A23BF5A007774EF /* Public Art */;
			targetProxy = 032EB0151A23BF5A007774EF /* PBXContainerItemProxy */;
		};
/* End PBXTargetDependency section */

/* Begin PBXVariantGroup section */
		032EB0081A23BF5A007774EF /* Main.storyboard */ = {
			isa = PBXVariantGroup;
			children = (
				032EB0091A23BF5A007774EF /* Base */,
			);
			name = Main.storyboard;
			sourceTree = "<group>";
		};
/* End PBXVariantGroup section */

/* Begin XCBuildConfiguration section */
		032EB01C1A23BF5A007774EF /* Debug */ = {
			isa = XCBuildConfiguration;
			buildSettings = {
				ALWAYS_SEARCH_USER_PATHS = NO;
				CLANG_CXX_LANGUAGE_STANDARD = "gnu++0x";
				CLANG_CXX_LIBRARY = "libc++";
				CLANG_ENABLE_MODULES = YES;
				CLANG_ENABLE_OBJC_ARC = YES;
				CLANG_WARN_BOOL_CONVERSION = YES;
				CLANG_WARN_CONSTANT_CONVERSION = YES;
				CLANG_WARN_DIRECT_OBJC_ISA_USAGE = YES_ERROR;
				CLANG_WARN_EMPTY_BODY = YES;
				CLANG_WARN_ENUM_CONVERSION = YES;
				CLANG_WARN_INT_CONVERSION = YES;
				CLANG_WARN_OBJC_ROOT_CLASS = YES_ERROR;
				CLANG_WARN_UNREACHABLE_CODE = YES;
				CLANG_WARN__DUPLICATE_METHOD_MATCH = YES;
				"CODE_SIGN_IDENTITY[sdk=iphoneos*]" = "iPhone Developer";
				COPY_PHASE_STRIP = NO;
				ENABLE_STRICT_OBJC_MSGSEND = YES;
				GCC_C_LANGUAGE_STANDARD = gnu99;
				GCC_DYNAMIC_NO_PIC = NO;
				GCC_OPTIMIZATION_LEVEL = 0;
				GCC_PREPROCESSOR_DEFINITIONS = (
					"DEBUG=1",
					"$(inherited)",
				);
				GCC_SYMBOLS_PRIVATE_EXTERN = NO;
				GCC_WARN_64_TO_32_BIT_CONVERSION = YES;
				GCC_WARN_ABOUT_RETURN_TYPE = YES_ERROR;
				GCC_WARN_UNDECLARED_SELECTOR = YES;
				GCC_WARN_UNINITIALIZED_AUTOS = YES_AGGRESSIVE;
				GCC_WARN_UNUSED_FUNCTION = YES;
				GCC_WARN_UNUSED_VARIABLE = YES;
				IPHONEOS_DEPLOYMENT_TARGET = 8.1;
				MTL_ENABLE_DEBUG_INFO = YES;
				ONLY_ACTIVE_ARCH = YES;
				SDKROOT = iphoneos;
			};
			name = Debug;
		};
		032EB01D1A23BF5A007774EF /* Release */ = {
			isa = XCBuildConfiguration;
			buildSettings = {
				ALWAYS_SEARCH_USER_PATHS = NO;
				CLANG_CXX_LANGUAGE_STANDARD = "gnu++0x";
				CLANG_CXX_LIBRARY = "libc++";
				CLANG_ENABLE_MODULES = YES;
				CLANG_ENABLE_OBJC_ARC = YES;
				CLANG_WARN_BOOL_CONVERSION = YES;
				CLANG_WARN_CONSTANT_CONVERSION = YES;
				CLANG_WARN_DIRECT_OBJC_ISA_USAGE = YES_ERROR;
				CLANG_WARN_EMPTY_BODY = YES;
				CLANG_WARN_ENUM_CONVERSION = YES;
				CLANG_WARN_INT_CONVERSION = YES;
				CLANG_WARN_OBJC_ROOT_CLASS = YES_ERROR;
				CLANG_WARN_UNREACHABLE_CODE = YES;
				CLANG_WARN__DUPLICATE_METHOD_MATCH = YES;
				"CODE_SIGN_IDENTITY[sdk=iphoneos*]" = "iPhone Developer";
				COPY_PHASE_STRIP = YES;
				ENABLE_NS_ASSERTIONS = NO;
				ENABLE_STRICT_OBJC_MSGSEND = YES;
				GCC_C_LANGUAGE_STANDARD = gnu99;
				GCC_WARN_64_TO_32_BIT_CONVERSION = YES;
				GCC_WARN_ABOUT_RETURN_TYPE = YES_ERROR;
				GCC_WARN_UNDECLARED_SELECTOR = YES;
				GCC_WARN_UNINITIALIZED_AUTOS = YES_AGGRESSIVE;
				GCC_WARN_UNUSED_FUNCTION = YES;
				GCC_WARN_UNUSED_VARIABLE = YES;
				IPHONEOS_DEPLOYMENT_TARGET = 8.1;
				MTL_ENABLE_DEBUG_INFO = NO;
				SDKROOT = iphoneos;
				VALIDATE_PRODUCT = YES;
			};
			name = Release;
		};
		032EB01F1A23BF5A007774EF /* Debug */ = {
			isa = XCBuildConfiguration;
			baseConfigurationReference = 30B9E65CF14D0CE1F0039627 /* Pods-Public Art.debug.xcconfig */;
			buildSettings = {
				ASSETCATALOG_COMPILER_APPICON_NAME = AppIcon;
				INFOPLIST_FILE = "Public Art/Info.plist";
				LD_RUNPATH_SEARCH_PATHS = "$(inherited) @executable_path/Frameworks";
				PRODUCT_NAME = "$(TARGET_NAME)";
			};
			name = Debug;
		};
		032EB0201A23BF5A007774EF /* Release */ = {
			isa = XCBuildConfiguration;
			baseConfigurationReference = 09A0DD42C65CAFA59517B495 /* Pods-Public Art.release.xcconfig */;
			buildSettings = {
				ASSETCATALOG_COMPILER_APPICON_NAME = AppIcon;
				INFOPLIST_FILE = "Public Art/Info.plist";
				LD_RUNPATH_SEARCH_PATHS = "$(inherited) @executable_path/Frameworks";
				PRODUCT_NAME = "$(TARGET_NAME)";
			};
			name = Release;
		};
		032EB0221A23BF5A007774EF /* Debug */ = {
			isa = XCBuildConfiguration;
			buildSettings = {
				BUNDLE_LOADER = "$(TEST_HOST)";
				FRAMEWORK_SEARCH_PATHS = (
					"$(SDKROOT)/Developer/Library/Frameworks",
					"$(inherited)",
				);
				GCC_PREPROCESSOR_DEFINITIONS = (
					"DEBUG=1",
					"$(inherited)",
				);
				INFOPLIST_FILE = "Public ArtTests/Info.plist";
				LD_RUNPATH_SEARCH_PATHS = "$(inherited) @executable_path/Frameworks @loader_path/Frameworks";
				PRODUCT_NAME = "$(TARGET_NAME)";
				TEST_HOST = "$(BUILT_PRODUCTS_DIR)/Public Art.app/Public Art";
			};
			name = Debug;
		};
		032EB0231A23BF5A007774EF /* Release */ = {
			isa = XCBuildConfiguration;
			buildSettings = {
				BUNDLE_LOADER = "$(TEST_HOST)";
				FRAMEWORK_SEARCH_PATHS = (
					"$(SDKROOT)/Developer/Library/Frameworks",
					"$(inherited)",
				);
				INFOPLIST_FILE = "Public ArtTests/Info.plist";
				LD_RUNPATH_SEARCH_PATHS = "$(inherited) @executable_path/Frameworks @loader_path/Frameworks";
				PRODUCT_NAME = "$(TARGET_NAME)";
				TEST_HOST = "$(BUILT_PRODUCTS_DIR)/Public Art.app/Public Art";
			};
			name = Release;
		};
/* End XCBuildConfiguration section */

/* Begin XCConfigurationList section */
		032EAFF61A23BF5A007774EF /* Build configuration list for PBXProject "Public Art" */ = {
			isa = XCConfigurationList;
			buildConfigurations = (
				032EB01C1A23BF5A007774EF /* Debug */,
				032EB01D1A23BF5A007774EF /* Release */,
			);
			defaultConfigurationIsVisible = 0;
			defaultConfigurationName = Release;
		};
		032EB01E1A23BF5A007774EF /* Build configuration list for PBXNativeTarget "Public Art" */ = {
			isa = XCConfigurationList;
			buildConfigurations = (
				032EB01F1A23BF5A007774EF /* Debug */,
				032EB0201A23BF5A007774EF /* Release */,
			);
			defaultConfigurationIsVisible = 0;
			defaultConfigurationName = Release;
		};
		032EB0211A23BF5A007774EF /* Build configuration list for PBXNativeTarget "Public ArtTests" */ = {
			isa = XCConfigurationList;
			buildConfigurations = (
				032EB0221A23BF5A007774EF /* Debug */,
				032EB0231A23BF5A007774EF /* Release */,
			);
			defaultConfigurationIsVisible = 0;
			defaultConfigurationName = Release;
		};
/* End XCConfigurationList section */
	};
	rootObject = 032EAFF31A23BF5A007774EF /* Project object */;
}
